// !$*UTF8*$!
{
	archiveVersion = 1;
	classes = {
	};
	objectVersion = 56;
	objects = {

/* Begin PBXBuildFile section */
		37037C812D468A6F00A41538 /* LoginFormViewModel.swift in Sources */ = {isa = PBXBuildFile; fileRef = 37037C802D468A6F00A41538 /* LoginFormViewModel.swift */; };
		3709DE6E2D4520FE006ABBAE /* ChatAppApp.swift in Sources */ = {isa = PBXBuildFile; fileRef = 3709DE6D2D4520FE006ABBAE /* ChatAppApp.swift */; };
		3709DE702D4520FE006ABBAE /* ContentView.swift in Sources */ = {isa = PBXBuildFile; fileRef = 3709DE6F2D4520FE006ABBAE /* ContentView.swift */; };
		3709DE722D452100006ABBAE /* Assets.xcassets in Resources */ = {isa = PBXBuildFile; fileRef = 3709DE712D452100006ABBAE /* Assets.xcassets */; };
		3709DE752D452100006ABBAE /* Preview Assets.xcassets in Resources */ = {isa = PBXBuildFile; fileRef = 3709DE742D452100006ABBAE /* Preview Assets.xcassets */; };
		3709DE7F2D452100006ABBAE /* ChatAppTests.swift in Sources */ = {isa = PBXBuildFile; fileRef = 3709DE7E2D452100006ABBAE /* ChatAppTests.swift */; };
		3709DE892D452100006ABBAE /* ChatAppUITests.swift in Sources */ = {isa = PBXBuildFile; fileRef = 3709DE882D452100006ABBAE /* ChatAppUITests.swift */; };
		3709DE8B2D452100006ABBAE /* ChatAppUITestsLaunchTests.swift in Sources */ = {isa = PBXBuildFile; fileRef = 3709DE8A2D452100006ABBAE /* ChatAppUITestsLaunchTests.swift */; };
		3709DE992D45266F006ABBAE /* LoginFormView.swift in Sources */ = {isa = PBXBuildFile; fileRef = 3709DE982D45266F006ABBAE /* LoginFormView.swift */; };
		3736C4C52D5C0DA9003E72BE /* SplashView.swift in Sources */ = {isa = PBXBuildFile; fileRef = 3736C4C42D5C0DA9003E72BE /* SplashView.swift */; };
		373DC6A92D5EB1F50093B4A9 /* Loader.swift in Sources */ = {isa = PBXBuildFile; fileRef = 373DC6A82D5EB1F50093B4A9 /* Loader.swift */; };
		3746E9F12D4EA04700A6DDE5 /* GnialCard.swift in Sources */ = {isa = PBXBuildFile; fileRef = 3746E9F02D4EA04700A6DDE5 /* GnialCard.swift */; };
		3746E9F42D4FC98100A6DDE5 /* Alert.swift in Sources */ = {isa = PBXBuildFile; fileRef = 3746E9F32D4FC98100A6DDE5 /* Alert.swift */; };
		3746E9F72D5011EA00A6DDE5 /* ContactListView.swift in Sources */ = {isa = PBXBuildFile; fileRef = 3746E9F62D5011EA00A6DDE5 /* ContactListView.swift */; };
		3746E9FA2D50120400A6DDE5 /* ContactsListViewModel.swift in Sources */ = {isa = PBXBuildFile; fileRef = 3746E9F92D50120400A6DDE5 /* ContactsListViewModel.swift */; };
		3746E9FD2D50152D00A6DDE5 /* ContactListCell.swift in Sources */ = {isa = PBXBuildFile; fileRef = 3746E9FC2D50152D00A6DDE5 /* ContactListCell.swift */; };
		3746E9FF2D502E4A00A6DDE5 /* Error.swift in Sources */ = {isa = PBXBuildFile; fileRef = 3746E9FE2D502E4A00A6DDE5 /* Error.swift */; };
		3746EA022D517A1F00A6DDE5 /* SearchView.swift in Sources */ = {isa = PBXBuildFile; fileRef = 3746EA012D517A1F00A6DDE5 /* SearchView.swift */; };
		3746EA082D51824D00A6DDE5 /* SignOutView.swift in Sources */ = {isa = PBXBuildFile; fileRef = 3746EA072D51824D00A6DDE5 /* SignOutView.swift */; };
		3746EA0B2D58F01600A6DDE5 /* FilterView.swift in Sources */ = {isa = PBXBuildFile; fileRef = 3746EA0A2D58F01500A6DDE5 /* FilterView.swift */; };
		3746EA0E2D58F27200A6DDE5 /* FilterButtonsView.swift in Sources */ = {isa = PBXBuildFile; fileRef = 3746EA0D2D58F27200A6DDE5 /* FilterButtonsView.swift */; };
		3746EA102D58F3C600A6DDE5 /* FilterModel.swift in Sources */ = {isa = PBXBuildFile; fileRef = 3746EA0F2D58F3C600A6DDE5 /* FilterModel.swift */; };
		3746EA122D59613100A6DDE5 /* Screen.swift in Sources */ = {isa = PBXBuildFile; fileRef = 3746EA112D59613100A6DDE5 /* Screen.swift */; };
		3746EA152D59981C00A6DDE5 /* RingLoaderView.swift in Sources */ = {isa = PBXBuildFile; fileRef = 3746EA142D59981C00A6DDE5 /* RingLoaderView.swift */; };
		37FE51282D46DBD5009B742F /* NetworkManager.swift in Sources */ = {isa = PBXBuildFile; fileRef = 37FE51272D46DBD5009B742F /* NetworkManager.swift */; };
		37FE512A2D46E79F009B742F /* TokenManager.swift in Sources */ = {isa = PBXBuildFile; fileRef = 37FE51292D46E79F009B742F /* TokenManager.swift */; };
		37FE512C2D46EF57009B742F /* Token.swift in Sources */ = {isa = PBXBuildFile; fileRef = 37FE512B2D46EF57009B742F /* Token.swift */; };
		37FE512E2D472CEF009B742F /* Contacts.swift in Sources */ = {isa = PBXBuildFile; fileRef = 37FE512D2D472CEF009B742F /* Contacts.swift */; };
/* End PBXBuildFile section */

/* Begin PBXContainerItemProxy section */
		3709DE7B2D452100006ABBAE /* PBXContainerItemProxy */ = {
			isa = PBXContainerItemProxy;
			containerPortal = 3709DE622D4520FD006ABBAE /* Project object */;
			proxyType = 1;
			remoteGlobalIDString = 3709DE692D4520FE006ABBAE;
			remoteInfo = ChatApp;
		};
		3709DE852D452100006ABBAE /* PBXContainerItemProxy */ = {
			isa = PBXContainerItemProxy;
			containerPortal = 3709DE622D4520FD006ABBAE /* Project object */;
			proxyType = 1;
			remoteGlobalIDString = 3709DE692D4520FE006ABBAE;
			remoteInfo = ChatApp;
		};
/* End PBXContainerItemProxy section */

/* Begin PBXFileReference section */
		37037C802D468A6F00A41538 /* LoginFormViewModel.swift */ = {isa = PBXFileReference; lastKnownFileType = sourcecode.swift; path = LoginFormViewModel.swift; sourceTree = "<group>"; };
		3709DE6A2D4520FE006ABBAE /* ChatApp.app */ = {isa = PBXFileReference; explicitFileType = wrapper.application; includeInIndex = 0; path = ChatApp.app; sourceTree = BUILT_PRODUCTS_DIR; };
		3709DE6D2D4520FE006ABBAE /* ChatAppApp.swift */ = {isa = PBXFileReference; lastKnownFileType = sourcecode.swift; path = ChatAppApp.swift; sourceTree = "<group>"; };
		3709DE6F2D4520FE006ABBAE /* ContentView.swift */ = {isa = PBXFileReference; lastKnownFileType = sourcecode.swift; path = ContentView.swift; sourceTree = "<group>"; };
		3709DE712D452100006ABBAE /* Assets.xcassets */ = {isa = PBXFileReference; lastKnownFileType = folder.assetcatalog; path = Assets.xcassets; sourceTree = "<group>"; };
		3709DE742D452100006ABBAE /* Preview Assets.xcassets */ = {isa = PBXFileReference; lastKnownFileType = folder.assetcatalog; path = "Preview Assets.xcassets"; sourceTree = "<group>"; };
		3709DE7A2D452100006ABBAE /* ChatAppTests.xctest */ = {isa = PBXFileReference; explicitFileType = wrapper.cfbundle; includeInIndex = 0; path = ChatAppTests.xctest; sourceTree = BUILT_PRODUCTS_DIR; };
		3709DE7E2D452100006ABBAE /* ChatAppTests.swift */ = {isa = PBXFileReference; lastKnownFileType = sourcecode.swift; path = ChatAppTests.swift; sourceTree = "<group>"; };
		3709DE842D452100006ABBAE /* ChatAppUITests.xctest */ = {isa = PBXFileReference; explicitFileType = wrapper.cfbundle; includeInIndex = 0; path = ChatAppUITests.xctest; sourceTree = BUILT_PRODUCTS_DIR; };
		3709DE882D452100006ABBAE /* ChatAppUITests.swift */ = {isa = PBXFileReference; lastKnownFileType = sourcecode.swift; path = ChatAppUITests.swift; sourceTree = "<group>"; };
		3709DE8A2D452100006ABBAE /* ChatAppUITestsLaunchTests.swift */ = {isa = PBXFileReference; lastKnownFileType = sourcecode.swift; path = ChatAppUITestsLaunchTests.swift; sourceTree = "<group>"; };
		3709DE982D45266F006ABBAE /* LoginFormView.swift */ = {isa = PBXFileReference; lastKnownFileType = sourcecode.swift; path = LoginFormView.swift; sourceTree = "<group>"; };
		3736C4C42D5C0DA9003E72BE /* SplashView.swift */ = {isa = PBXFileReference; lastKnownFileType = sourcecode.swift; path = SplashView.swift; sourceTree = "<group>"; };
		373DC6A82D5EB1F50093B4A9 /* Loader.swift */ = {isa = PBXFileReference; lastKnownFileType = sourcecode.swift; path = Loader.swift; sourceTree = "<group>"; };
		3746E9F02D4EA04700A6DDE5 /* GnialCard.swift */ = {isa = PBXFileReference; lastKnownFileType = sourcecode.swift; path = GnialCard.swift; sourceTree = "<group>"; };
		3746E9F32D4FC98100A6DDE5 /* Alert.swift */ = {isa = PBXFileReference; lastKnownFileType = sourcecode.swift; path = Alert.swift; sourceTree = "<group>"; };
		3746E9F62D5011EA00A6DDE5 /* ContactListView.swift */ = {isa = PBXFileReference; lastKnownFileType = sourcecode.swift; path = ContactListView.swift; sourceTree = "<group>"; };
		3746E9F92D50120400A6DDE5 /* ContactsListViewModel.swift */ = {isa = PBXFileReference; lastKnownFileType = sourcecode.swift; path = ContactsListViewModel.swift; sourceTree = "<group>"; };
		3746E9FC2D50152D00A6DDE5 /* ContactListCell.swift */ = {isa = PBXFileReference; lastKnownFileType = sourcecode.swift; path = ContactListCell.swift; sourceTree = "<group>"; };
		3746E9FE2D502E4A00A6DDE5 /* Error.swift */ = {isa = PBXFileReference; lastKnownFileType = sourcecode.swift; path = Error.swift; sourceTree = "<group>"; };
		3746EA012D517A1F00A6DDE5 /* SearchView.swift */ = {isa = PBXFileReference; lastKnownFileType = sourcecode.swift; path = SearchView.swift; sourceTree = "<group>"; };
		3746EA072D51824D00A6DDE5 /* SignOutView.swift */ = {isa = PBXFileReference; lastKnownFileType = sourcecode.swift; path = SignOutView.swift; sourceTree = "<group>"; };
		3746EA0A2D58F01500A6DDE5 /* FilterView.swift */ = {isa = PBXFileReference; lastKnownFileType = sourcecode.swift; path = FilterView.swift; sourceTree = "<group>"; };
		3746EA0D2D58F27200A6DDE5 /* FilterButtonsView.swift */ = {isa = PBXFileReference; lastKnownFileType = sourcecode.swift; path = FilterButtonsView.swift; sourceTree = "<group>"; };
		3746EA0F2D58F3C600A6DDE5 /* FilterModel.swift */ = {isa = PBXFileReference; lastKnownFileType = sourcecode.swift; path = FilterModel.swift; sourceTree = "<group>"; };
		3746EA112D59613100A6DDE5 /* Screen.swift */ = {isa = PBXFileReference; lastKnownFileType = sourcecode.swift; path = Screen.swift; sourceTree = "<group>"; };
		3746EA142D59981C00A6DDE5 /* RingLoaderView.swift */ = {isa = PBXFileReference; lastKnownFileType = sourcecode.swift; path = RingLoaderView.swift; sourceTree = "<group>"; };
		37FE51272D46DBD5009B742F /* NetworkManager.swift */ = {isa = PBXFileReference; lastKnownFileType = sourcecode.swift; path = NetworkManager.swift; sourceTree = "<group>"; };
		37FE51292D46E79F009B742F /* TokenManager.swift */ = {isa = PBXFileReference; lastKnownFileType = sourcecode.swift; path = TokenManager.swift; sourceTree = "<group>"; };
		37FE512B2D46EF57009B742F /* Token.swift */ = {isa = PBXFileReference; lastKnownFileType = sourcecode.swift; path = Token.swift; sourceTree = "<group>"; };
		37FE512D2D472CEF009B742F /* Contacts.swift */ = {isa = PBXFileReference; lastKnownFileType = sourcecode.swift; path = Contacts.swift; sourceTree = "<group>"; };
/* End PBXFileReference section */

/* Begin PBXFrameworksBuildPhase section */
		3709DE672D4520FE006ABBAE /* Frameworks */ = {
			isa = PBXFrameworksBuildPhase;
			buildActionMask = 2147483647;
			files = (
			);
			runOnlyForDeploymentPostprocessing = 0;
		};
		3709DE772D452100006ABBAE /* Frameworks */ = {
			isa = PBXFrameworksBuildPhase;
			buildActionMask = 2147483647;
			files = (
			);
			runOnlyForDeploymentPostprocessing = 0;
		};
		3709DE812D452100006ABBAE /* Frameworks */ = {
			isa = PBXFrameworksBuildPhase;
			buildActionMask = 2147483647;
			files = (
			);
			runOnlyForDeploymentPostprocessing = 0;
		};
/* End PBXFrameworksBuildPhase section */

/* Begin PBXGroup section */
		37037C822D469D9D00A41538 /* Screens */ = {
			isa = PBXGroup;
			children = (
				3736C4C32D5C0D7E003E72BE /* Splash */,
				3746EA092D58F00000A6DDE5 /* Filter */,
				3746EA062D51822900A6DDE5 /* SignOut */,
				3746EA002D51796700A6DDE5 /* Search */,
				3746E9F52D5011CF00A6DDE5 /* Contacts */,
				3709DE9A2D452674006ABBAE /* Login */,
				3746E9F02D4EA04700A6DDE5 /* GnialCard.swift */,
			);
			path = Screens;
			sourceTree = "<group>";
		};
		37037C832D469DB300A41538 /* Model */ = {
			isa = PBXGroup;
			children = (
				37FE512B2D46EF57009B742F /* Token.swift */,
				37FE512D2D472CEF009B742F /* Contacts.swift */,
				3746EA0F2D58F3C600A6DDE5 /* FilterModel.swift */,
				3746EA112D59613100A6DDE5 /* Screen.swift */,
			);
			path = Model;
			sourceTree = "<group>";
		};
		37037C842D469DBE00A41538 /* Utilities */ = {
			isa = PBXGroup;
			children = (
				3746E9F22D4FC95000A6DDE5 /* Alerts */,
				37FE51262D46DBC2009B742F /* Managers */,
			);
			path = Utilities;
			sourceTree = "<group>";
		};
		37037C852D469DE000A41538 /* Views */ = {
			isa = PBXGroup;
			children = (
				3746EA132D59980700A6DDE5 /* Loaders */,
				3746EA0C2D58F25C00A6DDE5 /* Buttons */,
				3746E9FB2D50150100A6DDE5 /* Cells */,
			);
			path = Views;
			sourceTree = "<group>";
		};
		3709DE612D4520FD006ABBAE = {
			isa = PBXGroup;
			children = (
				3709DE6C2D4520FE006ABBAE /* ChatApp */,
				3709DE7D2D452100006ABBAE /* ChatAppTests */,
				3709DE872D452100006ABBAE /* ChatAppUITests */,
				3709DE6B2D4520FE006ABBAE /* Products */,
			);
			sourceTree = "<group>";
		};
		3709DE6B2D4520FE006ABBAE /* Products */ = {
			isa = PBXGroup;
			children = (
				3709DE6A2D4520FE006ABBAE /* ChatApp.app */,
				3709DE7A2D452100006ABBAE /* ChatAppTests.xctest */,
				3709DE842D452100006ABBAE /* ChatAppUITests.xctest */,
			);
			name = Products;
			sourceTree = "<group>";
		};
		3709DE6C2D4520FE006ABBAE /* ChatApp */ = {
			isa = PBXGroup;
			children = (
				37037C852D469DE000A41538 /* Views */,
				37037C842D469DBE00A41538 /* Utilities */,
				37037C832D469DB300A41538 /* Model */,
				37037C822D469D9D00A41538 /* Screens */,
				3709DE6D2D4520FE006ABBAE /* ChatAppApp.swift */,
				3709DE6F2D4520FE006ABBAE /* ContentView.swift */,
				3709DE712D452100006ABBAE /* Assets.xcassets */,
				3709DE732D452100006ABBAE /* Preview Content */,
			);
			path = ChatApp;
			sourceTree = "<group>";
		};
		3709DE732D452100006ABBAE /* Preview Content */ = {
			isa = PBXGroup;
			children = (
				3709DE742D452100006ABBAE /* Preview Assets.xcassets */,
			);
			path = "Preview Content";
			sourceTree = "<group>";
		};
		3709DE7D2D452100006ABBAE /* ChatAppTests */ = {
			isa = PBXGroup;
			children = (
				3709DE7E2D452100006ABBAE /* ChatAppTests.swift */,
			);
			path = ChatAppTests;
			sourceTree = "<group>";
		};
		3709DE872D452100006ABBAE /* ChatAppUITests */ = {
			isa = PBXGroup;
			children = (
				3709DE882D452100006ABBAE /* ChatAppUITests.swift */,
				3709DE8A2D452100006ABBAE /* ChatAppUITestsLaunchTests.swift */,
			);
			path = ChatAppUITests;
			sourceTree = "<group>";
		};
		3709DE9A2D452674006ABBAE /* Login */ = {
			isa = PBXGroup;
			children = (
				3709DE982D45266F006ABBAE /* LoginFormView.swift */,
				37037C802D468A6F00A41538 /* LoginFormViewModel.swift */,
			);
			path = Login;
			sourceTree = "<group>";
		};
		3736C4C32D5C0D7E003E72BE /* Splash */ = {
			isa = PBXGroup;
			children = (
				3736C4C42D5C0DA9003E72BE /* SplashView.swift */,
			);
			path = Splash;
			sourceTree = "<group>";
		};
		3746E9F22D4FC95000A6DDE5 /* Alerts */ = {
			isa = PBXGroup;
			children = (
				3746E9F32D4FC98100A6DDE5 /* Alert.swift */,
				3746E9FE2D502E4A00A6DDE5 /* Error.swift */,
			);
			path = Alerts;
			sourceTree = "<group>";
		};
		3746E9F52D5011CF00A6DDE5 /* Contacts */ = {
			isa = PBXGroup;
			children = (
				3746E9F62D5011EA00A6DDE5 /* ContactListView.swift */,
				3746E9F92D50120400A6DDE5 /* ContactsListViewModel.swift */,
			);
			path = Contacts;
			sourceTree = "<group>";
		};
		3746E9FB2D50150100A6DDE5 /* Cells */ = {
			isa = PBXGroup;
			children = (
				3746E9FC2D50152D00A6DDE5 /* ContactListCell.swift */,
			);
			path = Cells;
			sourceTree = "<group>";
		};
		3746EA002D51796700A6DDE5 /* Search */ = {
			isa = PBXGroup;
			children = (
				3746EA012D517A1F00A6DDE5 /* SearchView.swift */,
			);
			path = Search;
			sourceTree = "<group>";
		};
		3746EA062D51822900A6DDE5 /* SignOut */ = {
			isa = PBXGroup;
			children = (
				3746EA072D51824D00A6DDE5 /* SignOutView.swift */,
			);
			path = SignOut;
			sourceTree = "<group>";
		};
		3746EA092D58F00000A6DDE5 /* Filter */ = {
			isa = PBXGroup;
			children = (
				3746EA0A2D58F01500A6DDE5 /* FilterView.swift */,
			);
			path = Filter;
			sourceTree = "<group>";
		};
		3746EA0C2D58F25C00A6DDE5 /* Buttons */ = {
			isa = PBXGroup;
			children = (
				3746EA0D2D58F27200A6DDE5 /* FilterButtonsView.swift */,
			);
			path = Buttons;
			sourceTree = "<group>";
		};
		3746EA132D59980700A6DDE5 /* Loaders */ = {
			isa = PBXGroup;
			children = (
				3746EA142D59981C00A6DDE5 /* RingLoaderView.swift */,
				373DC6A82D5EB1F50093B4A9 /* Loader.swift */,
			);
			path = Loaders;
			sourceTree = "<group>";
		};
		37FE51262D46DBC2009B742F /* Managers */ = {
			isa = PBXGroup;
			children = (
				37FE51272D46DBD5009B742F /* NetworkManager.swift */,
				37FE51292D46E79F009B742F /* TokenManager.swift */,
			);
			path = Managers;
			sourceTree = "<group>";
		};
/* End PBXGroup section */

/* Begin PBXNativeTarget section */
		3709DE692D4520FE006ABBAE /* ChatApp */ = {
			isa = PBXNativeTarget;
			buildConfigurationList = 3709DE8E2D452100006ABBAE /* Build configuration list for PBXNativeTarget "ChatApp" */;
			buildPhases = (
				3709DE662D4520FE006ABBAE /* Sources */,
				3709DE672D4520FE006ABBAE /* Frameworks */,
				3709DE682D4520FE006ABBAE /* Resources */,
				3709DE972D452510006ABBAE /* ShellScript */,
			);
			buildRules = (
			);
			dependencies = (
			);
			name = ChatApp;
			productName = ChatApp;
			productReference = 3709DE6A2D4520FE006ABBAE /* ChatApp.app */;
			productType = "com.apple.product-type.application";
		};
		3709DE792D452100006ABBAE /* ChatAppTests */ = {
			isa = PBXNativeTarget;
			buildConfigurationList = 3709DE912D452100006ABBAE /* Build configuration list for PBXNativeTarget "ChatAppTests" */;
			buildPhases = (
				3709DE762D452100006ABBAE /* Sources */,
				3709DE772D452100006ABBAE /* Frameworks */,
				3709DE782D452100006ABBAE /* Resources */,
			);
			buildRules = (
			);
			dependencies = (
				3709DE7C2D452100006ABBAE /* PBXTargetDependency */,
			);
			name = ChatAppTests;
			productName = ChatAppTests;
			productReference = 3709DE7A2D452100006ABBAE /* ChatAppTests.xctest */;
			productType = "com.apple.product-type.bundle.unit-test";
		};
		3709DE832D452100006ABBAE /* ChatAppUITests */ = {
			isa = PBXNativeTarget;
			buildConfigurationList = 3709DE942D452100006ABBAE /* Build configuration list for PBXNativeTarget "ChatAppUITests" */;
			buildPhases = (
				3709DE802D452100006ABBAE /* Sources */,
				3709DE812D452100006ABBAE /* Frameworks */,
				3709DE822D452100006ABBAE /* Resources */,
			);
			buildRules = (
			);
			dependencies = (
				3709DE862D452100006ABBAE /* PBXTargetDependency */,
			);
			name = ChatAppUITests;
			productName = ChatAppUITests;
			productReference = 3709DE842D452100006ABBAE /* ChatAppUITests.xctest */;
			productType = "com.apple.product-type.bundle.ui-testing";
		};
/* End PBXNativeTarget section */

/* Begin PBXProject section */
		3709DE622D4520FD006ABBAE /* Project object */ = {
			isa = PBXProject;
			attributes = {
				BuildIndependentTargetsInParallel = 1;
				LastSwiftUpdateCheck = 1520;
				LastUpgradeCheck = 1520;
				TargetAttributes = {
					3709DE692D4520FE006ABBAE = {
						CreatedOnToolsVersion = 15.2;
					};
					3709DE792D452100006ABBAE = {
						CreatedOnToolsVersion = 15.2;
						TestTargetID = 3709DE692D4520FE006ABBAE;
					};
					3709DE832D452100006ABBAE = {
						CreatedOnToolsVersion = 15.2;
						TestTargetID = 3709DE692D4520FE006ABBAE;
					};
				};
			};
			buildConfigurationList = 3709DE652D4520FD006ABBAE /* Build configuration list for PBXProject "ChatApp" */;
			compatibilityVersion = "Xcode 14.0";
			developmentRegion = en;
			hasScannedForEncodings = 0;
			knownRegions = (
				en,
				Base,
			);
			mainGroup = 3709DE612D4520FD006ABBAE;
			productRefGroup = 3709DE6B2D4520FE006ABBAE /* Products */;
			projectDirPath = "";
			projectRoot = "";
			targets = (
				3709DE692D4520FE006ABBAE /* ChatApp */,
				3709DE792D452100006ABBAE /* ChatAppTests */,
				3709DE832D452100006ABBAE /* ChatAppUITests */,
			);
		};
/* End PBXProject section */

/* Begin PBXResourcesBuildPhase section */
		3709DE682D4520FE006ABBAE /* Resources */ = {
			isa = PBXResourcesBuildPhase;
			buildActionMask = 2147483647;
			files = (
				3709DE752D452100006ABBAE /* Preview Assets.xcassets in Resources */,
				3709DE722D452100006ABBAE /* Assets.xcassets in Resources */,
			);
			runOnlyForDeploymentPostprocessing = 0;
		};
		3709DE782D452100006ABBAE /* Resources */ = {
			isa = PBXResourcesBuildPhase;
			buildActionMask = 2147483647;
			files = (
			);
			runOnlyForDeploymentPostprocessing = 0;
		};
		3709DE822D452100006ABBAE /* Resources */ = {
			isa = PBXResourcesBuildPhase;
			buildActionMask = 2147483647;
			files = (
			);
			runOnlyForDeploymentPostprocessing = 0;
		};
/* End PBXResourcesBuildPhase section */

/* Begin PBXShellScriptBuildPhase section */
		3709DE972D452510006ABBAE /* ShellScript */ = {
			isa = PBXShellScriptBuildPhase;
			buildActionMask = 2147483647;
			files = (
			);
			inputFileListPaths = (
			);
			inputPaths = (
			);
			outputFileListPaths = (
			);
			outputPaths = (
			);
			runOnlyForDeploymentPostprocessing = 0;
			shellPath = /bin/sh;
			shellScript = "if which swiftlint >/dev/null; then\n    swiftlint\nelse\n    echo \"warning: SwiftLint not installed. Run 'brew install swiftlint'.\"\nfi\n";
		};
/* End PBXShellScriptBuildPhase section */

/* Begin PBXSourcesBuildPhase section */
		3709DE662D4520FE006ABBAE /* Sources */ = {
			isa = PBXSourcesBuildPhase;
			buildActionMask = 2147483647;
			files = (
				3746EA0E2D58F27200A6DDE5 /* FilterButtonsView.swift in Sources */,
				3736C4C52D5C0DA9003E72BE /* SplashView.swift in Sources */,
				37FE512E2D472CEF009B742F /* Contacts.swift in Sources */,
				373DC6A92D5EB1F50093B4A9 /* Loader.swift in Sources */,
				3746E9FA2D50120400A6DDE5 /* ContactsListViewModel.swift in Sources */,
				37037C812D468A6F00A41538 /* LoginFormViewModel.swift in Sources */,
				3746E9FD2D50152D00A6DDE5 /* ContactListCell.swift in Sources */,
				3746EA0B2D58F01600A6DDE5 /* FilterView.swift in Sources */,
				37FE512C2D46EF57009B742F /* Token.swift in Sources */,
				37FE512A2D46E79F009B742F /* TokenManager.swift in Sources */,
				3746EA152D59981C00A6DDE5 /* RingLoaderView.swift in Sources */,
				3709DE702D4520FE006ABBAE /* ContentView.swift in Sources */,
				37FE51282D46DBD5009B742F /* NetworkManager.swift in Sources */,
				3709DE6E2D4520FE006ABBAE /* ChatAppApp.swift in Sources */,
				3709DE992D45266F006ABBAE /* LoginFormView.swift in Sources */,
				3746EA022D517A1F00A6DDE5 /* SearchView.swift in Sources */,
				3746EA102D58F3C600A6DDE5 /* FilterModel.swift in Sources */,
				3746E9F72D5011EA00A6DDE5 /* ContactListView.swift in Sources */,
				3746EA122D59613100A6DDE5 /* Screen.swift in Sources */,
				3746E9F42D4FC98100A6DDE5 /* Alert.swift in Sources */,
				3746E9FF2D502E4A00A6DDE5 /* Error.swift in Sources */,
				3746E9F12D4EA04700A6DDE5 /* GnialCard.swift in Sources */,
				3746EA082D51824D00A6DDE5 /* SignOutView.swift in Sources */,
			);
			runOnlyForDeploymentPostprocessing = 0;
		};
		3709DE762D452100006ABBAE /* Sources */ = {
			isa = PBXSourcesBuildPhase;
			buildActionMask = 2147483647;
			files = (
				3709DE7F2D452100006ABBAE /* ChatAppTests.swift in Sources */,
			);
			runOnlyForDeploymentPostprocessing = 0;
		};
		3709DE802D452100006ABBAE /* Sources */ = {
			isa = PBXSourcesBuildPhase;
			buildActionMask = 2147483647;
			files = (
				3709DE8B2D452100006ABBAE /* ChatAppUITestsLaunchTests.swift in Sources */,
				3709DE892D452100006ABBAE /* ChatAppUITests.swift in Sources */,
			);
			runOnlyForDeploymentPostprocessing = 0;
		};
/* End PBXSourcesBuildPhase section */

/* Begin PBXTargetDependency section */
		3709DE7C2D452100006ABBAE /* PBXTargetDependency */ = {
			isa = PBXTargetDependency;
			target = 3709DE692D4520FE006ABBAE /* ChatApp */;
			targetProxy = 3709DE7B2D452100006ABBAE /* PBXContainerItemProxy */;
		};
		3709DE862D452100006ABBAE /* PBXTargetDependency */ = {
			isa = PBXTargetDependency;
			target = 3709DE692D4520FE006ABBAE /* ChatApp */;
			targetProxy = 3709DE852D452100006ABBAE /* PBXContainerItemProxy */;
		};
/* End PBXTargetDependency section */

/* Begin XCBuildConfiguration section */
		3709DE8C2D452100006ABBAE /* Debug */ = {
			isa = XCBuildConfiguration;
			buildSettings = {
				ALWAYS_SEARCH_USER_PATHS = NO;
				ASSETCATALOG_COMPILER_GENERATE_SWIFT_ASSET_SYMBOL_EXTENSIONS = YES;
				CLANG_ANALYZER_NONNULL = YES;
				CLANG_ANALYZER_NUMBER_OBJECT_CONVERSION = YES_AGGRESSIVE;
				CLANG_CXX_LANGUAGE_STANDARD = "gnu++20";
				CLANG_ENABLE_MODULES = YES;
				CLANG_ENABLE_OBJC_ARC = YES;
				CLANG_ENABLE_OBJC_WEAK = YES;
				CLANG_WARN_BLOCK_CAPTURE_AUTORELEASING = YES;
				CLANG_WARN_BOOL_CONVERSION = YES;
				CLANG_WARN_COMMA = YES;
				CLANG_WARN_CONSTANT_CONVERSION = YES;
				CLANG_WARN_DEPRECATED_OBJC_IMPLEMENTATIONS = YES;
				CLANG_WARN_DIRECT_OBJC_ISA_USAGE = YES_ERROR;
				CLANG_WARN_DOCUMENTATION_COMMENTS = YES;
				CLANG_WARN_EMPTY_BODY = YES;
				CLANG_WARN_ENUM_CONVERSION = YES;
				CLANG_WARN_INFINITE_RECURSION = YES;
				CLANG_WARN_INT_CONVERSION = YES;
				CLANG_WARN_NON_LITERAL_NULL_CONVERSION = YES;
				CLANG_WARN_OBJC_IMPLICIT_RETAIN_SELF = YES;
				CLANG_WARN_OBJC_LITERAL_CONVERSION = YES;
				CLANG_WARN_OBJC_ROOT_CLASS = YES_ERROR;
				CLANG_WARN_QUOTED_INCLUDE_IN_FRAMEWORK_HEADER = YES;
				CLANG_WARN_RANGE_LOOP_ANALYSIS = YES;
				CLANG_WARN_STRICT_PROTOTYPES = YES;
				CLANG_WARN_SUSPICIOUS_MOVE = YES;
				CLANG_WARN_UNGUARDED_AVAILABILITY = YES_AGGRESSIVE;
				CLANG_WARN_UNREACHABLE_CODE = YES;
				CLANG_WARN__DUPLICATE_METHOD_MATCH = YES;
				COPY_PHASE_STRIP = NO;
				DEBUG_INFORMATION_FORMAT = dwarf;
				ENABLE_STRICT_OBJC_MSGSEND = YES;
				ENABLE_TESTABILITY = YES;
				ENABLE_USER_SCRIPT_SANDBOXING = YES;
				GCC_C_LANGUAGE_STANDARD = gnu17;
				GCC_DYNAMIC_NO_PIC = NO;
				GCC_NO_COMMON_BLOCKS = YES;
				GCC_OPTIMIZATION_LEVEL = 0;
				GCC_PREPROCESSOR_DEFINITIONS = (
					"DEBUG=1",
					"$(inherited)",
				);
				GCC_WARN_64_TO_32_BIT_CONVERSION = YES;
				GCC_WARN_ABOUT_RETURN_TYPE = YES_ERROR;
				GCC_WARN_UNDECLARED_SELECTOR = YES;
				GCC_WARN_UNINITIALIZED_AUTOS = YES_AGGRESSIVE;
				GCC_WARN_UNUSED_FUNCTION = YES;
				GCC_WARN_UNUSED_VARIABLE = YES;
				IPHONEOS_DEPLOYMENT_TARGET = 17.2;
				LOCALIZATION_PREFERS_STRING_CATALOGS = YES;
				MTL_ENABLE_DEBUG_INFO = INCLUDE_SOURCE;
				MTL_FAST_MATH = YES;
				ONLY_ACTIVE_ARCH = YES;
				SDKROOT = iphoneos;
				SWIFT_ACTIVE_COMPILATION_CONDITIONS = "DEBUG $(inherited)";
				SWIFT_OPTIMIZATION_LEVEL = "-Onone";
			};
			name = Debug;
		};
		3709DE8D2D452100006ABBAE /* Release */ = {
			isa = XCBuildConfiguration;
			buildSettings = {
				ALWAYS_SEARCH_USER_PATHS = NO;
				ASSETCATALOG_COMPILER_GENERATE_SWIFT_ASSET_SYMBOL_EXTENSIONS = YES;
				CLANG_ANALYZER_NONNULL = YES;
				CLANG_ANALYZER_NUMBER_OBJECT_CONVERSION = YES_AGGRESSIVE;
				CLANG_CXX_LANGUAGE_STANDARD = "gnu++20";
				CLANG_ENABLE_MODULES = YES;
				CLANG_ENABLE_OBJC_ARC = YES;
				CLANG_ENABLE_OBJC_WEAK = YES;
				CLANG_WARN_BLOCK_CAPTURE_AUTORELEASING = YES;
				CLANG_WARN_BOOL_CONVERSION = YES;
				CLANG_WARN_COMMA = YES;
				CLANG_WARN_CONSTANT_CONVERSION = YES;
				CLANG_WARN_DEPRECATED_OBJC_IMPLEMENTATIONS = YES;
				CLANG_WARN_DIRECT_OBJC_ISA_USAGE = YES_ERROR;
				CLANG_WARN_DOCUMENTATION_COMMENTS = YES;
				CLANG_WARN_EMPTY_BODY = YES;
				CLANG_WARN_ENUM_CONVERSION = YES;
				CLANG_WARN_INFINITE_RECURSION = YES;
				CLANG_WARN_INT_CONVERSION = YES;
				CLANG_WARN_NON_LITERAL_NULL_CONVERSION = YES;
				CLANG_WARN_OBJC_IMPLICIT_RETAIN_SELF = YES;
				CLANG_WARN_OBJC_LITERAL_CONVERSION = YES;
				CLANG_WARN_OBJC_ROOT_CLASS = YES_ERROR;
				CLANG_WARN_QUOTED_INCLUDE_IN_FRAMEWORK_HEADER = YES;
				CLANG_WARN_RANGE_LOOP_ANALYSIS = YES;
				CLANG_WARN_STRICT_PROTOTYPES = YES;
				CLANG_WARN_SUSPICIOUS_MOVE = YES;
				CLANG_WARN_UNGUARDED_AVAILABILITY = YES_AGGRESSIVE;
				CLANG_WARN_UNREACHABLE_CODE = YES;
				CLANG_WARN__DUPLICATE_METHOD_MATCH = YES;
				COPY_PHASE_STRIP = NO;
				DEBUG_INFORMATION_FORMAT = "dwarf-with-dsym";
				ENABLE_NS_ASSERTIONS = NO;
				ENABLE_STRICT_OBJC_MSGSEND = YES;
				ENABLE_USER_SCRIPT_SANDBOXING = YES;
				GCC_C_LANGUAGE_STANDARD = gnu17;
				GCC_NO_COMMON_BLOCKS = YES;
				GCC_WARN_64_TO_32_BIT_CONVERSION = YES;
				GCC_WARN_ABOUT_RETURN_TYPE = YES_ERROR;
				GCC_WARN_UNDECLARED_SELECTOR = YES;
				GCC_WARN_UNINITIALIZED_AUTOS = YES_AGGRESSIVE;
				GCC_WARN_UNUSED_FUNCTION = YES;
				GCC_WARN_UNUSED_VARIABLE = YES;
				IPHONEOS_DEPLOYMENT_TARGET = 17.2;
				LOCALIZATION_PREFERS_STRING_CATALOGS = YES;
				MTL_ENABLE_DEBUG_INFO = NO;
				MTL_FAST_MATH = YES;
				SDKROOT = iphoneos;
				SWIFT_COMPILATION_MODE = wholemodule;
				VALIDATE_PRODUCT = YES;
			};
			name = Release;
		};
		3709DE8F2D452100006ABBAE /* Debug */ = {
			isa = XCBuildConfiguration;
			buildSettings = {
				ASSETCATALOG_COMPILER_APPICON_NAME = AppIcon;
				ASSETCATALOG_COMPILER_GLOBAL_ACCENT_COLOR_NAME = AccentColor;
				CODE_SIGN_STYLE = Automatic;
				CURRENT_PROJECT_VERSION = 1;
				DEVELOPMENT_ASSET_PATHS = "\"ChatApp/Preview Content\"";
				DEVELOPMENT_TEAM = 6BMVGWCPS3;
				ENABLE_PREVIEWS = YES;
				GENERATE_INFOPLIST_FILE = YES;
				INFOPLIST_KEY_UIApplicationSceneManifest_Generation = YES;
				INFOPLIST_KEY_UIApplicationSupportsIndirectInputEvents = YES;
				INFOPLIST_KEY_UILaunchScreen_Generation = YES;
				INFOPLIST_KEY_UISupportedInterfaceOrientations_iPad = "UIInterfaceOrientationPortrait UIInterfaceOrientationPortraitUpsideDown UIInterfaceOrientationLandscapeLeft UIInterfaceOrientationLandscapeRight";
				INFOPLIST_KEY_UISupportedInterfaceOrientations_iPhone = "UIInterfaceOrientationPortrait UIInterfaceOrientationLandscapeLeft UIInterfaceOrientationLandscapeRight";
				IPHONEOS_DEPLOYMENT_TARGET = 17.2;
				LD_RUNPATH_SEARCH_PATHS = (
					"$(inherited)",
					"@executable_path/Frameworks",
				);
				MARKETING_VERSION = 1.0;
				PRODUCT_BUNDLE_IDENTIFIER = com.personal.chatapp;
				PRODUCT_NAME = "$(TARGET_NAME)";
				SWIFT_EMIT_LOC_STRINGS = YES;
				SWIFT_VERSION = 5.0;
				TARGETED_DEVICE_FAMILY = "1,2";
			};
			name = Debug;
		};
		3709DE902D452100006ABBAE /* Release */ = {
			isa = XCBuildConfiguration;
			buildSettings = {
				ASSETCATALOG_COMPILER_APPICON_NAME = AppIcon;
				ASSETCATALOG_COMPILER_GLOBAL_ACCENT_COLOR_NAME = AccentColor;
				CODE_SIGN_STYLE = Automatic;
				CURRENT_PROJECT_VERSION = 1;
				DEVELOPMENT_ASSET_PATHS = "\"ChatApp/Preview Content\"";
				DEVELOPMENT_TEAM = 6BMVGWCPS3;
				ENABLE_PREVIEWS = YES;
				GENERATE_INFOPLIST_FILE = YES;
				INFOPLIST_KEY_UIApplicationSceneManifest_Generation = YES;
				INFOPLIST_KEY_UIApplicationSupportsIndirectInputEvents = YES;
				INFOPLIST_KEY_UILaunchScreen_Generation = YES;
				INFOPLIST_KEY_UISupportedInterfaceOrientations_iPad = "UIInterfaceOrientationPortrait UIInterfaceOrientationPortraitUpsideDown UIInterfaceOrientationLandscapeLeft UIInterfaceOrientationLandscapeRight";
				INFOPLIST_KEY_UISupportedInterfaceOrientations_iPhone = "UIInterfaceOrientationPortrait UIInterfaceOrientationLandscapeLeft UIInterfaceOrientationLandscapeRight";
				IPHONEOS_DEPLOYMENT_TARGET = 17.2;
				LD_RUNPATH_SEARCH_PATHS = (
					"$(inherited)",
					"@executable_path/Frameworks",
				);
				MARKETING_VERSION = 1.0;
				PRODUCT_BUNDLE_IDENTIFIER = com.personal.chatapp;
				PRODUCT_NAME = "$(TARGET_NAME)";
				SWIFT_EMIT_LOC_STRINGS = YES;
				SWIFT_VERSION = 5.0;
				TARGETED_DEVICE_FAMILY = "1,2";
			};
			name = Release;
		};
		3709DE922D452100006ABBAE /* Debug */ = {
			isa = XCBuildConfiguration;
			buildSettings = {
				ALWAYS_EMBED_SWIFT_STANDARD_LIBRARIES = YES;
				BUNDLE_LOADER = "$(TEST_HOST)";
				CODE_SIGN_STYLE = Automatic;
				CURRENT_PROJECT_VERSION = 1;
				DEVELOPMENT_TEAM = 6BMVGWCPS3;
				GENERATE_INFOPLIST_FILE = YES;
				IPHONEOS_DEPLOYMENT_TARGET = 17.2;
				MARKETING_VERSION = 1.0;
				PRODUCT_BUNDLE_IDENTIFIER = com.personal.ChatAppTests;
				PRODUCT_NAME = "$(TARGET_NAME)";
				SWIFT_EMIT_LOC_STRINGS = NO;
				SWIFT_VERSION = 5.0;
				TARGETED_DEVICE_FAMILY = "1,2";
				TEST_HOST = "$(BUILT_PRODUCTS_DIR)/ChatApp.app/$(BUNDLE_EXECUTABLE_FOLDER_PATH)/ChatApp";
			};
			name = Debug;
		};
		3709DE932D452100006ABBAE /* Release */ = {
			isa = XCBuildConfiguration;
			buildSettings = {
				ALWAYS_EMBED_SWIFT_STANDARD_LIBRARIES = YES;
				BUNDLE_LOADER = "$(TEST_HOST)";
				CODE_SIGN_STYLE = Automatic;
				CURRENT_PROJECT_VERSION = 1;
				DEVELOPMENT_TEAM = 6BMVGWCPS3;
				GENERATE_INFOPLIST_FILE = YES;
				IPHONEOS_DEPLOYMENT_TARGET = 17.2;
				MARKETING_VERSION = 1.0;
				PRODUCT_BUNDLE_IDENTIFIER = com.personal.ChatAppTests;
				PRODUCT_NAME = "$(TARGET_NAME)";
				SWIFT_EMIT_LOC_STRINGS = NO;
				SWIFT_VERSION = 5.0;
				TARGETED_DEVICE_FAMILY = "1,2";
				TEST_HOST = "$(BUILT_PRODUCTS_DIR)/ChatApp.app/$(BUNDLE_EXECUTABLE_FOLDER_PATH)/ChatApp";
			};
			name = Release;
		};
		3709DE952D452100006ABBAE /* Debug */ = {
			isa = XCBuildConfiguration;
			buildSettings = {
				ALWAYS_EMBED_SWIFT_STANDARD_LIBRARIES = YES;
				CODE_SIGN_STYLE = Automatic;
				CURRENT_PROJECT_VERSION = 1;
				DEVELOPMENT_TEAM = 6BMVGWCPS3;
				GENERATE_INFOPLIST_FILE = YES;
				MARKETING_VERSION = 1.0;
				PRODUCT_BUNDLE_IDENTIFIER = com.personal.ChatAppUITests;
				PRODUCT_NAME = "$(TARGET_NAME)";
				SWIFT_EMIT_LOC_STRINGS = NO;
				SWIFT_VERSION = 5.0;
				TARGETED_DEVICE_FAMILY = "1,2";
				TEST_TARGET_NAME = ChatApp;
			};
			name = Debug;
		};
		3709DE962D452100006ABBAE /* Release */ = {
			isa = XCBuildConfiguration;
			buildSettings = {
				ALWAYS_EMBED_SWIFT_STANDARD_LIBRARIES = YES;
				CODE_SIGN_STYLE = Automatic;
				CURRENT_PROJECT_VERSION = 1;
				DEVELOPMENT_TEAM = 6BMVGWCPS3;
				GENERATE_INFOPLIST_FILE = YES;
				MARKETING_VERSION = 1.0;
				PRODUCT_BUNDLE_IDENTIFIER = com.personal.ChatAppUITests;
				PRODUCT_NAME = "$(TARGET_NAME)";
				SWIFT_EMIT_LOC_STRINGS = NO;
				SWIFT_VERSION = 5.0;
				TARGETED_DEVICE_FAMILY = "1,2";
				TEST_TARGET_NAME = ChatApp;
			};
			name = Release;
		};
/* End XCBuildConfiguration section */

/* Begin XCConfigurationList section */
		3709DE652D4520FD006ABBAE /* Build configuration list for PBXProject "ChatApp" */ = {
			isa = XCConfigurationList;
			buildConfigurations = (
				3709DE8C2D452100006ABBAE /* Debug */,
				3709DE8D2D452100006ABBAE /* Release */,
			);
			defaultConfigurationIsVisible = 0;
			defaultConfigurationName = Release;
		};
		3709DE8E2D452100006ABBAE /* Build configuration list for PBXNativeTarget "ChatApp" */ = {
			isa = XCConfigurationList;
			buildConfigurations = (
				3709DE8F2D452100006ABBAE /* Debug */,
				3709DE902D452100006ABBAE /* Release */,
			);
			defaultConfigurationIsVisible = 0;
			defaultConfigurationName = Release;
		};
		3709DE912D452100006ABBAE /* Build configuration list for PBXNativeTarget "ChatAppTests" */ = {
			isa = XCConfigurationList;
			buildConfigurations = (
				3709DE922D452100006ABBAE /* Debug */,
				3709DE932D452100006ABBAE /* Release */,
			);
			defaultConfigurationIsVisible = 0;
			defaultConfigurationName = Release;
		};
		3709DE942D452100006ABBAE /* Build configuration list for PBXNativeTarget "ChatAppUITests" */ = {
			isa = XCConfigurationList;
			buildConfigurations = (
				3709DE952D452100006ABBAE /* Debug */,
				3709DE962D452100006ABBAE /* Release */,
			);
			defaultConfigurationIsVisible = 0;
			defaultConfigurationName = Release;
		};
/* End XCConfigurationList section */
	};
	rootObject = 3709DE622D4520FD006ABBAE /* Project object */;
}
